<?xml version="1.0" encoding="utf-8"?>
<Project ToolsVersion="4.0" xmlns="http://schemas.microsoft.com/developer/msbuild/2003">
  <ItemGroup>
    <Filter Include="ソース ファイル">
      <UniqueIdentifier>{4FC737F1-C7A5-4376-A066-2A32D752A2FF}</UniqueIdentifier>
      <Extensions>cpp;c;cc;cxx;def;odl;idl;hpj;bat;asm;asmx</Extensions>
    </Filter>
    <Filter Include="リソース ファイル">
      <UniqueIdentifier>{67DA6AB6-F800-4c08-8B7A-83BB121AAD01}</UniqueIdentifier>
      <Extensions>rc;ico;cur;bmp;dlg;rc2;rct;bin;rgs;gif;jpg;jpeg;jpe;resx;tiff;tif;png;wav</Extensions>
    </Filter>
    <Filter Include="game">
      <UniqueIdentifier>{61749b43-2cef-4da2-a963-21eee50b09b1}</UniqueIdentifier>
    </Filter>
  </ItemGroup>
  <ItemGroup>
    <ClCompile Include="Color.c">
      <Filter>ソース ファイル</Filter>
    </ClCompile>
    <ClCompile Include="Fps.c">
      <Filter>ソース ファイル</Filter>
    </ClCompile>
    <ClCompile Include="Graphic.c">
      <Filter>ソース ファイル</Filter>
    </ClCompile>
    <ClCompile Include="Graphic2D.c">
      <Filter>ソース ファイル</Filter>
    </ClCompile>
    <ClCompile Include="Graphic3D.c">
      <Filter>ソース ファイル</Filter>
    </ClCompile>
    <ClCompile Include="Hit.c">
      <Filter>ソース ファイル</Filter>
    </ClCompile>
    <ClCompile Include="Image.c">
      <Filter>ソース ファイル</Filter>
    </ClCompile>
    <ClCompile Include="InputDevice.c">
      <Filter>ソース ファイル</Filter>
    </ClCompile>
    <ClCompile Include="Link.c">
      <Filter>ソース ファイル</Filter>
    </ClCompile>
    <ClCompile Include="LinkManager.c">
      <Filter>ソース ファイル</Filter>
    </ClCompile>
    <ClCompile Include="MainSystem.c">
      <Filter>ソース ファイル</Filter>
    </ClCompile>
    <ClCompile Include="Matrix.c">
      <Filter>ソース ファイル</Filter>
    </ClCompile>
    <ClCompile Include="MemoryAllocate.c">
      <Filter>ソース ファイル</Filter>
    </ClCompile>
    <ClCompile Include="Model.c">
      <Filter>ソース ファイル</Filter>
    </ClCompile>
    <ClCompile Include="MultiThread.c">
      <Filter>ソース ファイル</Filter>
    </ClCompile>
    <ClCompile Include="NetworkManager.c">
      <Filter>ソース ファイル</Filter>
    </ClCompile>
    <ClCompile Include="NetworkSystem.c">
      <Filter>ソース ファイル</Filter>
    </ClCompile>
    <ClCompile Include="OtherFunction.c">
      <Filter>ソース ファイル</Filter>
    </ClCompile>
    <ClCompile Include="Rectangle.c">
      <Filter>ソース ファイル</Filter>
    </ClCompile>
    <ClCompile Include="Generic_GameLibrary.c">
      <Filter>リソース ファイル</Filter>
    </ClCompile>
    <ClCompile Include="src\Player.c">
      <Filter>game</Filter>
    </ClCompile>
    <ClCompile Include="main.c">
      <Filter>ソース ファイル</Filter>
    </ClCompile>
  </ItemGroup>
  <ItemGroup>
    <ClInclude Include="Generic_GameLibrary.h">
      <Filter>リソース ファイル</Filter>
    </ClInclude>
    <ClInclude Include="Ggl_Keys.h">
      <Filter>リソース ファイル</Filter>
    </ClInclude>
    <ClInclude Include="src\Player.h">
      <Filter>game</Filter>
    </ClInclude>
  </ItemGroup>
</Project>